
Microsoft Visual Studio Solution File, Format Version 12.00
# Visual Studio Version 16
VisualStudioVersion = 16.0.31515.178
MinimumVisualStudioVersion = 10.0.40219.1
Project("{FAE04EC0-301F-11D3-BF4B-00C04F79EFBC}") = "WindowsFormsApp1", "WindowsFormsApp1\WindowsFormsApp1.csproj", "{D8421021-FACF-4956-8569-6034CF3A4016}"
EndProject
Global
	GlobalSection(SolutionConfigurationPlatforms) = preSolution
		Debug|Any CPU = Debug|Any CPU
		Release|Any CPU = Release|Any CPU
	EndGlobalSection
	GlobalSection(ProjectConfigurationPlatforms) = postSolution
		{D8421021-FACF-4956-8569-6034CF3A4016}.Debug|Any CPU.ActiveCfg = Debug|Any CPU
		{D8421021-FACF-4956-8569-6034CF3A4016}.Debug|Any CPU.Build.0 = Debug|Any CPU
		{D8421021-FACF-4956-8569-6034CF3A4016}.Release|Any CPU.ActiveCfg = Release|Any CPU
		{D8421021-FACF-4956-8569-6034CF3A4016}.Release|Any CPU.Build.0 = Release|Any CPU
	EndGlobalSection
	GlobalSection(SolutionProperties) = preSolution
		HideSolutionNode = FALSE
	EndGlobalSection
	GlobalSection(ExtensibilityGlobals) = postSolution
		SolutionGuid = {D59C6823-3264-4ACA-8989-91390974C48E}
	EndGlobalSection
EndGlobal
